
Microsoft Visual Studio Solution File, Format Version 11.00
# Visual Studio 2010
Project("{888888A0-9F3D-457C-B088-3A5042F75D52}") = "BuildScripts", "BuildScripts.pyproj", "{FBC164A2-F7F5-4BC3-80E8-D872F99AE3FC}"
EndProject
Global
	GlobalSection(SolutionConfigurationPlatforms) = preSolution
		Debug|Any CPU = Debug|Any CPU
		Release|Any CPU = Release|Any CPU
	EndGlobalSection
	GlobalSection(ProjectConfigurationPlatforms) = postSolution
		{FBC164A2-F7F5-4BC3-80E8-D872F99AE3FC}.Debug|Any CPU.ActiveCfg = Debug|Any CPU
		{FBC164A2-F7F5-4BC3-80E8-D872F99AE3FC}.Release|Any CPU.ActiveCfg = Release|Any CPU
	EndGlobalSection
	GlobalSection(SolutionProperties) = preSolution
		HideSolutionNode = FALSE
	EndGlobalSection
EndGlobal
