
Microsoft Visual Studio Solution File, Format Version 9.00
# Visual Studio 2005
Project("{8BC9CEB8-8B4A-11D0-8D11-00A0C91BC942}") = "sasl2", "sasl2.vcproj", "{A62609FB-B249-4A5E-8BAA-571ECE054C19}"
EndProject
Global
	GlobalSection(SolutionConfigurationPlatforms) = preSolution
		Debug|Win32 = Debug|Win32
		Release|Win32 = Release|Win32
	EndGlobalSection
	GlobalSection(ProjectConfigurationPlatforms) = postSolution
		{A62609FB-B249-4A5E-8BAA-571ECE054C19}.Debug|Win32.ActiveCfg = Debug|Win32
		{A62609FB-B249-4A5E-8BAA-571ECE054C19}.Debug|Win32.Build.0 = Debug|Win32
		{A62609FB-B249-4A5E-8BAA-571ECE054C19}.Release|Win32.ActiveCfg = Release|Win32
		{A62609FB-B249-4A5E-8BAA-571ECE054C19}.Release|Win32.Build.0 = Release|Win32
	EndGlobalSection
	GlobalSection(SolutionProperties) = preSolution
		HideSolutionNode = FALSE
	EndGlobalSection
EndGlobal
